
Microsoft Visual Studio Solution File, Format Version 12.00
# Visual Studio Version 16
VisualStudioVersion = 16.0.29709.97
MinimumVisualStudioVersion = 10.0.40219.1
Project("{FAE04EC0-301F-11D3-BF4B-00C04F79EFBC}") = "Array", "Array\Array.csproj", "{93ADECA8-4C46-4133-BE8E-582A6F2154FD}"
EndProject
Global
	GlobalSection(SolutionConfigurationPlatforms) = preSolution
		Debug|Any CPU = Debug|Any CPU
		Release|Any CPU = Release|Any CPU
	EndGlobalSection
	GlobalSection(ProjectConfigurationPlatforms) = postSolution
		{93ADECA8-4C46-4133-BE8E-582A6F2154FD}.Debug|Any CPU.ActiveCfg = Debug|Any CPU
		{93ADECA8-4C46-4133-BE8E-582A6F2154FD}.Debug|Any CPU.Build.0 = Debug|Any CPU
		{93ADECA8-4C46-4133-BE8E-582A6F2154FD}.Release|Any CPU.ActiveCfg = Release|Any CPU
		{93ADECA8-4C46-4133-BE8E-582A6F2154FD}.Release|Any CPU.Build.0 = Release|Any CPU
	EndGlobalSection
	GlobalSection(SolutionProperties) = preSolution
		HideSolutionNode = FALSE
	EndGlobalSection
	GlobalSection(ExtensibilityGlobals) = postSolution
		SolutionGuid = {A15E911C-AD41-447F-BFBC-B7F7BEE65745}
	EndGlobalSection
EndGlobal
